
Microsoft Visual Studio Solution File, Format Version 12.00
# Visual Studio Version 16
VisualStudioVersion = 16.0.29503.13
MinimumVisualStudioVersion = 10.0.40219.1
Project("{FAE04EC0-301F-11D3-BF4B-00C04F79EFBC}") = "ClaseFunciones", "ClaseFunciones\ClaseFunciones.csproj", "{A8829816-92C8-4472-B0F0-C5D68EF6CE9D}"
EndProject
Project("{FAE04EC0-301F-11D3-BF4B-00C04F79EFBC}") = "FunConsola", "FunConsola\FunConsola.csproj", "{59776360-46A6-4B60-81A8-FF10DE6F5F86}"
EndProject
Project("{FAE04EC0-301F-11D3-BF4B-00C04F79EFBC}") = "FunFormulario", "FunFormulario\FunFormulario.csproj", "{A536C95C-1765-4B6B-9E65-DCBEB0193DD7}"
EndProject
Global
	GlobalSection(SolutionConfigurationPlatforms) = preSolution
		Debug|Any CPU = Debug|Any CPU
		Release|Any CPU = Release|Any CPU
	EndGlobalSection
	GlobalSection(ProjectConfigurationPlatforms) = postSolution
		{A8829816-92C8-4472-B0F0-C5D68EF6CE9D}.Debug|Any CPU.ActiveCfg = Debug|Any CPU
		{A8829816-92C8-4472-B0F0-C5D68EF6CE9D}.Debug|Any CPU.Build.0 = Debug|Any CPU
		{A8829816-92C8-4472-B0F0-C5D68EF6CE9D}.Release|Any CPU.ActiveCfg = Release|Any CPU
		{A8829816-92C8-4472-B0F0-C5D68EF6CE9D}.Release|Any CPU.Build.0 = Release|Any CPU
		{59776360-46A6-4B60-81A8-FF10DE6F5F86}.Debug|Any CPU.ActiveCfg = Debug|Any CPU
		{59776360-46A6-4B60-81A8-FF10DE6F5F86}.Debug|Any CPU.Build.0 = Debug|Any CPU
		{59776360-46A6-4B60-81A8-FF10DE6F5F86}.Release|Any CPU.ActiveCfg = Release|Any CPU
		{59776360-46A6-4B60-81A8-FF10DE6F5F86}.Release|Any CPU.Build.0 = Release|Any CPU
		{A536C95C-1765-4B6B-9E65-DCBEB0193DD7}.Debug|Any CPU.ActiveCfg = Debug|Any CPU
		{A536C95C-1765-4B6B-9E65-DCBEB0193DD7}.Debug|Any CPU.Build.0 = Debug|Any CPU
		{A536C95C-1765-4B6B-9E65-DCBEB0193DD7}.Release|Any CPU.ActiveCfg = Release|Any CPU
		{A536C95C-1765-4B6B-9E65-DCBEB0193DD7}.Release|Any CPU.Build.0 = Release|Any CPU
	EndGlobalSection
	GlobalSection(SolutionProperties) = preSolution
		HideSolutionNode = FALSE
	EndGlobalSection
	GlobalSection(ExtensibilityGlobals) = postSolution
		SolutionGuid = {4D58C813-6CBC-4B5D-BAEF-F4B04851DE99}
	EndGlobalSection
EndGlobal
